
Microsoft Visual Studio Solution File, Format Version 12.00
# Visual Studio Version 17
VisualStudioVersion = 17.1.32407.343
MinimumVisualStudioVersion = 10.0.40219.1
Project("{FAE04EC0-301F-11D3-BF4B-00C04F79EFBC}") = "ISRPO_1", "ISRPO_1\ISRPO_1.csproj", "{ADDD5D9C-9A21-4867-B4A7-044C71F1BB38}"
EndProject
Global
	GlobalSection(SolutionConfigurationPlatforms) = preSolution
		Debug|Any CPU = Debug|Any CPU
		Release|Any CPU = Release|Any CPU
	EndGlobalSection
	GlobalSection(ProjectConfigurationPlatforms) = postSolution
		{ADDD5D9C-9A21-4867-B4A7-044C71F1BB38}.Debug|Any CPU.ActiveCfg = Debug|Any CPU
		{ADDD5D9C-9A21-4867-B4A7-044C71F1BB38}.Debug|Any CPU.Build.0 = Debug|Any CPU
		{ADDD5D9C-9A21-4867-B4A7-044C71F1BB38}.Release|Any CPU.ActiveCfg = Release|Any CPU
		{ADDD5D9C-9A21-4867-B4A7-044C71F1BB38}.Release|Any CPU.Build.0 = Release|Any CPU
	EndGlobalSection
	GlobalSection(SolutionProperties) = preSolution
		HideSolutionNode = FALSE
	EndGlobalSection
	GlobalSection(ExtensibilityGlobals) = postSolution
		SolutionGuid = {7BAC560E-6731-46FF-9EE6-3AC31063A09A}
	EndGlobalSection
EndGlobal
